// !$*UTF8*$!
{
	archiveVersion = 1;
	classes = {
	};
	objectVersion = 50;
	objects = {

/* Begin PBXBuildFile section */
		35421BFC26AB38D500936804 /* ImageManager.swift in Sources */ = {isa = PBXBuildFile; fileRef = 35421BFB26AB38D500936804 /* ImageManager.swift */; };
		35421BFF26AB3D3800936804 /* BackgroundImageView.swift in Sources */ = {isa = PBXBuildFile; fileRef = 35421BFE26AB3D3800936804 /* BackgroundImageView.swift */; };
		35CA1B3F26A7961F001A17A4 /* UISamplesApp.swift in Sources */ = {isa = PBXBuildFile; fileRef = 35CA1B3E26A7961F001A17A4 /* UISamplesApp.swift */; };
		35CA1B4126A7961F001A17A4 /* ContentView.swift in Sources */ = {isa = PBXBuildFile; fileRef = 35CA1B4026A7961F001A17A4 /* ContentView.swift */; };
		35CA1B4326A79620001A17A4 /* Assets.xcassets in Resources */ = {isa = PBXBuildFile; fileRef = 35CA1B4226A79620001A17A4 /* Assets.xcassets */; };
		35CA1B4626A79620001A17A4 /* Preview Assets.xcassets in Resources */ = {isa = PBXBuildFile; fileRef = 35CA1B4526A79620001A17A4 /* Preview Assets.xcassets */; };
/* End PBXBuildFile section */

/* Begin PBXFileReference section */
		35421BFB26AB38D500936804 /* ImageManager.swift */ = {isa = PBXFileReference; lastKnownFileType = sourcecode.swift; path = ImageManager.swift; sourceTree = "<group>"; };
		35421BFE26AB3D3800936804 /* BackgroundImageView.swift */ = {isa = PBXFileReference; lastKnownFileType = sourcecode.swift; path = BackgroundImageView.swift; sourceTree = "<group>"; };
		35CA1B3B26A7961F001A17A4 /* UISamples.app */ = {isa = PBXFileReference; explicitFileType = wrapper.application; includeInIndex = 0; path = UISamples.app; sourceTree = BUILT_PRODUCTS_DIR; };
		35CA1B3E26A7961F001A17A4 /* UISamplesApp.swift */ = {isa = PBXFileReference; lastKnownFileType = sourcecode.swift; path = UISamplesApp.swift; sourceTree = "<group>"; };
		35CA1B4026A7961F001A17A4 /* ContentView.swift */ = {isa = PBXFileReference; lastKnownFileType = sourcecode.swift; path = ContentView.swift; sourceTree = "<group>"; };
		35CA1B4226A79620001A17A4 /* Assets.xcassets */ = {isa = PBXFileReference; lastKnownFileType = folder.assetcatalog; path = Assets.xcassets; sourceTree = "<group>"; };
		35CA1B4526A79620001A17A4 /* Preview Assets.xcassets */ = {isa = PBXFileReference; lastKnownFileType = folder.assetcatalog; path = "Preview Assets.xcassets"; sourceTree = "<group>"; };
		35CA1B4726A79620001A17A4 /* Info.plist */ = {isa = PBXFileReference; lastKnownFileType = text.plist.xml; path = Info.plist; sourceTree = "<group>"; };
/* End PBXFileReference section */

/* Begin PBXFrameworksBuildPhase section */
		35CA1B3826A7961F001A17A4 /* Frameworks */ = {
			isa = PBXFrameworksBuildPhase;
			buildActionMask = 2147483647;
			files = (
			);
			runOnlyForDeploymentPostprocessing = 0;
		};
/* End PBXFrameworksBuildPhase section */

/* Begin PBXGroup section */
		35421BFA26AB38C300936804 /* Manager */ = {
			isa = PBXGroup;
			children = (
				35421BFB26AB38D500936804 /* ImageManager.swift */,
			);
			path = Manager;
			sourceTree = "<group>";
		};
		35421BFD26AB3D1C00936804 /* Components */ = {
			isa = PBXGroup;
			children = (
				35421BFE26AB3D3800936804 /* BackgroundImageView.swift */,
			);
			path = Components;
			sourceTree = "<group>";
		};
		35CA1B3226A7961F001A17A4 = {
			isa = PBXGroup;
			children = (
				35CA1B3D26A7961F001A17A4 /* UISamples */,
				35CA1B3C26A7961F001A17A4 /* Products */,
			);
			sourceTree = "<group>";
		};
		35CA1B3C26A7961F001A17A4 /* Products */ = {
			isa = PBXGroup;
			children = (
				35CA1B3B26A7961F001A17A4 /* UISamples.app */,
			);
			name = Products;
			sourceTree = "<group>";
		};
		35CA1B3D26A7961F001A17A4 /* UISamples */ = {
			isa = PBXGroup;
			children = (
				35421BFD26AB3D1C00936804 /* Components */,
				35421BFA26AB38C300936804 /* Manager */,
				35CA1B3E26A7961F001A17A4 /* UISamplesApp.swift */,
				35CA1B4026A7961F001A17A4 /* ContentView.swift */,
				35CA1B4226A79620001A17A4 /* Assets.xcassets */,
				35CA1B4726A79620001A17A4 /* Info.plist */,
				35CA1B4426A79620001A17A4 /* Preview Content */,
			);
			path = UISamples;
			sourceTree = "<group>";
		};
		35CA1B4426A79620001A17A4 /* Preview Content */ = {
			isa = PBXGroup;
			children = (
				35CA1B4526A79620001A17A4 /* Preview Assets.xcassets */,
			);
			path = "Preview Content";
			sourceTree = "<group>";
		};
/* End PBXGroup section */

/* Begin PBXNativeTarget section */
		35CA1B3A26A7961F001A17A4 /* UISamples */ = {
			isa = PBXNativeTarget;
			buildConfigurationList = 35CA1B4A26A79620001A17A4 /* Build configuration list for PBXNativeTarget "UISamples" */;
			buildPhases = (
				35CA1B3726A7961F001A17A4 /* Sources */,
				35CA1B3826A7961F001A17A4 /* Frameworks */,
				35CA1B3926A7961F001A17A4 /* Resources */,
			);
			buildRules = (
			);
			dependencies = (
			);
			name = UISamples;
			productName = UISamples;
			productReference = 35CA1B3B26A7961F001A17A4 /* UISamples.app */;
			productType = "com.apple.product-type.application";
		};
/* End PBXNativeTarget section */

/* Begin PBXProject section */
		35CA1B3326A7961F001A17A4 /* Project object */ = {
			isa = PBXProject;
			attributes = {
				LastSwiftUpdateCheck = 1250;
				LastUpgradeCheck = 1250;
				TargetAttributes = {
					35CA1B3A26A7961F001A17A4 = {
						CreatedOnToolsVersion = 12.5.1;
					};
				};
			};
			buildConfigurationList = 35CA1B3626A7961F001A17A4 /* Build configuration list for PBXProject "UISamples" */;
			compatibilityVersion = "Xcode 9.3";
			developmentRegion = en;
			hasScannedForEncodings = 0;
			knownRegions = (
				en,
				Base,
			);
			mainGroup = 35CA1B3226A7961F001A17A4;
			productRefGroup = 35CA1B3C26A7961F001A17A4 /* Products */;
			projectDirPath = "";
			projectRoot = "";
			targets = (
				35CA1B3A26A7961F001A17A4 /* UISamples */,
			);
		};
/* End PBXProject section */

/* Begin PBXResourcesBuildPhase section */
		35CA1B3926A7961F001A17A4 /* Resources */ = {
			isa = PBXResourcesBuildPhase;
			buildActionMask = 2147483647;
			files = (
				35CA1B4626A79620001A17A4 /* Preview Assets.xcassets in Resources */,
				35CA1B4326A79620001A17A4 /* Assets.xcassets in Resources */,
			);
			runOnlyForDeploymentPostprocessing = 0;
		};
/* End PBXResourcesBuildPhase section */

/* Begin PBXSourcesBuildPhase section */
		35CA1B3726A7961F001A17A4 /* Sources */ = {
			isa = PBXSourcesBuildPhase;
			buildActionMask = 2147483647;
			files = (
				35421BFC26AB38D500936804 /* ImageManager.swift in Sources */,
				35CA1B4126A7961F001A17A4 /* ContentView.swift in Sources */,
				35421BFF26AB3D3800936804 /* BackgroundImageView.swift in Sources */,
				35CA1B3F26A7961F001A17A4 /* UISamplesApp.swift in Sources */,
			);
			runOnlyForDeploymentPostprocessing = 0;
		};
/* End PBXSourcesBuildPhase section */

/* Begin XCBuildConfiguration section */
		35CA1B4826A79620001A17A4 /* Debug */ = {
			isa = XCBuildConfiguration;
			buildSettings = {
				ALWAYS_SEARCH_USER_PATHS = NO;
				CLANG_ANALYZER_NONNULL = YES;
				CLANG_ANALYZER_NUMBER_OBJECT_CONVERSION = YES_AGGRESSIVE;
				CLANG_CXX_LANGUAGE_STANDARD = "gnu++14";
				CLANG_CXX_LIBRARY = "libc++";
				CLANG_ENABLE_MODULES = YES;
				CLANG_ENABLE_OBJC_ARC = YES;
				CLANG_ENABLE_OBJC_WEAK = YES;
				CLANG_WARN_BLOCK_CAPTURE_AUTORELEASING = YES;
				CLANG_WARN_BOOL_CONVERSION = YES;
				CLANG_WARN_COMMA = YES;
				CLANG_WARN_CONSTANT_CONVERSION = YES;
				CLANG_WARN_DEPRECATED_OBJC_IMPLEMENTATIONS = YES;
				CLANG_WARN_DIRECT_OBJC_ISA_USAGE = YES_ERROR;
				CLANG_WARN_DOCUMENTATION_COMMENTS = YES;
				CLANG_WARN_EMPTY_BODY = YES;
				CLANG_WARN_ENUM_CONVERSION = YES;
				CLANG_WARN_INFINITE_RECURSION = YES;
				CLANG_WARN_INT_CONVERSION = YES;
				CLANG_WARN_NON_LITERAL_NULL_CONVERSION = YES;
				CLANG_WARN_OBJC_IMPLICIT_RETAIN_SELF = YES;
				CLANG_WARN_OBJC_LITERAL_CONVERSION = YES;
				CLANG_WARN_OBJC_ROOT_CLASS = YES_ERROR;
				CLANG_WARN_QUOTED_INCLUDE_IN_FRAMEWORK_HEADER = YES;
				CLANG_WARN_RANGE_LOOP_ANALYSIS = YES;
				CLANG_WARN_STRICT_PROTOTYPES = YES;
				CLANG_WARN_SUSPICIOUS_MOVE = YES;
				CLANG_WARN_UNGUARDED_AVAILABILITY = YES_AGGRESSIVE;
				CLANG_WARN_UNREACHABLE_CODE = YES;
				CLANG_WARN__DUPLICATE_METHOD_MATCH = YES;
				COPY_PHASE_STRIP = NO;
				DEBUG_INFORMATION_FORMAT = dwarf;
				ENABLE_STRICT_OBJC_MSGSEND = YES;
				ENABLE_TESTABILITY = YES;
				GCC_C_LANGUAGE_STANDARD = gnu11;
				GCC_DYNAMIC_NO_PIC = NO;
				GCC_NO_COMMON_BLOCKS = YES;
				GCC_OPTIMIZATION_LEVEL = 0;
				GCC_PREPROCESSOR_DEFINITIONS = (
					"DEBUG=1",
					"$(inherited)",
				);
				GCC_WARN_64_TO_32_BIT_CONVERSION = YES;
				GCC_WARN_ABOUT_RETURN_TYPE = YES_ERROR;
				GCC_WARN_UNDECLARED_SELECTOR = YES;
				GCC_WARN_UNINITIALIZED_AUTOS = YES_AGGRESSIVE;
				GCC_WARN_UNUSED_FUNCTION = YES;
				GCC_WARN_UNUSED_VARIABLE = YES;
				IPHONEOS_DEPLOYMENT_TARGET = 14.5;
				MTL_ENABLE_DEBUG_INFO = INCLUDE_SOURCE;
				MTL_FAST_MATH = YES;
				ONLY_ACTIVE_ARCH = YES;
				SDKROOT = iphoneos;
				SWIFT_ACTIVE_COMPILATION_CONDITIONS = DEBUG;
				SWIFT_OPTIMIZATION_LEVEL = "-Onone";
			};
			name = Debug;
		};
		35CA1B4926A79620001A17A4 /* Release */ = {
			isa = XCBuildConfiguration;
			buildSettings = {
				ALWAYS_SEARCH_USER_PATHS = NO;
				CLANG_ANALYZER_NONNULL = YES;
				CLANG_ANALYZER_NUMBER_OBJECT_CONVERSION = YES_AGGRESSIVE;
				CLANG_CXX_LANGUAGE_STANDARD = "gnu++14";
				CLANG_CXX_LIBRARY = "libc++";
				CLANG_ENABLE_MODULES = YES;
				CLANG_ENABLE_OBJC_ARC = YES;
				CLANG_ENABLE_OBJC_WEAK = YES;
				CLANG_WARN_BLOCK_CAPTURE_AUTORELEASING = YES;
				CLANG_WARN_BOOL_CONVERSION = YES;
				CLANG_WARN_COMMA = YES;
				CLANG_WARN_CONSTANT_CONVERSION = YES;
				CLANG_WARN_DEPRECATED_OBJC_IMPLEMENTATIONS = YES;
				CLANG_WARN_DIRECT_OBJC_ISA_USAGE = YES_ERROR;
				CLANG_WARN_DOCUMENTATION_COMMENTS = YES;
				CLANG_WARN_EMPTY_BODY = YES;
				CLANG_WARN_ENUM_CONVERSION = YES;
				CLANG_WARN_INFINITE_RECURSION = YES;
				CLANG_WARN_INT_CONVERSION = YES;
				CLANG_WARN_NON_LITERAL_NULL_CONVERSION = YES;
				CLANG_WARN_OBJC_IMPLICIT_RETAIN_SELF = YES;
				CLANG_WARN_OBJC_LITERAL_CONVERSION = YES;
				CLANG_WARN_OBJC_ROOT_CLASS = YES_ERROR;
				CLANG_WARN_QUOTED_INCLUDE_IN_FRAMEWORK_HEADER = YES;
				CLANG_WARN_RANGE_LOOP_ANALYSIS = YES;
				CLANG_WARN_STRICT_PROTOTYPES = YES;
				CLANG_WARN_SUSPICIOUS_MOVE = YES;
				CLANG_WARN_UNGUARDED_AVAILABILITY = YES_AGGRESSIVE;
				CLANG_WARN_UNREACHABLE_CODE = YES;
				CLANG_WARN__DUPLICATE_METHOD_MATCH = YES;
				COPY_PHASE_STRIP = NO;
				DEBUG_INFORMATION_FORMAT = "dwarf-with-dsym";
				ENABLE_NS_ASSERTIONS = NO;
				ENABLE_STRICT_OBJC_MSGSEND = YES;
				GCC_C_LANGUAGE_STANDARD = gnu11;
				GCC_NO_COMMON_BLOCKS = YES;
				GCC_WARN_64_TO_32_BIT_CONVERSION = YES;
				GCC_WARN_ABOUT_RETURN_TYPE = YES_ERROR;
				GCC_WARN_UNDECLARED_SELECTOR = YES;
				GCC_WARN_UNINITIALIZED_AUTOS = YES_AGGRESSIVE;
				GCC_WARN_UNUSED_FUNCTION = YES;
				GCC_WARN_UNUSED_VARIABLE = YES;
				IPHONEOS_DEPLOYMENT_TARGET = 14.5;
				MTL_ENABLE_DEBUG_INFO = NO;
				MTL_FAST_MATH = YES;
				SDKROOT = iphoneos;
				SWIFT_COMPILATION_MODE = wholemodule;
				SWIFT_OPTIMIZATION_LEVEL = "-O";
				VALIDATE_PRODUCT = YES;
			};
			name = Release;
		};
		35CA1B4B26A79620001A17A4 /* Debug */ = {
			isa = XCBuildConfiguration;
			buildSettings = {
				ASSETCATALOG_COMPILER_APPICON_NAME = AppIcon;
				ASSETCATALOG_COMPILER_GLOBAL_ACCENT_COLOR_NAME = AccentColor;
				CODE_SIGN_STYLE = Automatic;
				DEVELOPMENT_ASSET_PATHS = "\"UISamples/Preview Content\"";
				ENABLE_PREVIEWS = YES;
				INFOPLIST_FILE = UISamples/Info.plist;
				IPHONEOS_DEPLOYMENT_TARGET = 14.0;
				LD_RUNPATH_SEARCH_PATHS = (
					"$(inherited)",
					"@executable_path/Frameworks",
				);
				PRODUCT_BUNDLE_IDENTIFIER = com.vb10.UISamples;
				PRODUCT_NAME = "$(TARGET_NAME)";
				SWIFT_VERSION = 5.0;
				TARGETED_DEVICE_FAMILY = "1,2";
			};
			name = Debug;
		};
		35CA1B4C26A79620001A17A4 /* Release */ = {
			isa = XCBuildConfiguration;
			buildSettings = {
				ASSETCATALOG_COMPILER_APPICON_NAME = AppIcon;
				ASSETCATALOG_COMPILER_GLOBAL_ACCENT_COLOR_NAME = AccentColor;
				CODE_SIGN_STYLE = Automatic;
				DEVELOPMENT_ASSET_PATHS = "\"UISamples/Preview Content\"";
				ENABLE_PREVIEWS = YES;
				INFOPLIST_FILE = UISamples/Info.plist;
				IPHONEOS_DEPLOYMENT_TARGET = 14.0;
				LD_RUNPATH_SEARCH_PATHS = (
					"$(inherited)",
					"@executable_path/Frameworks",
				);
				PRODUCT_BUNDLE_IDENTIFIER = com.vb10.UISamples;
				PRODUCT_NAME = "$(TARGET_NAME)";
				SWIFT_VERSION = 5.0;
				TARGETED_DEVICE_FAMILY = "1,2";
			};
			name = Release;
		};
/* End XCBuildConfiguration section */

/* Begin XCConfigurationList section */
		35CA1B3626A7961F001A17A4 /* Build configuration list for PBXProject "UISamples" */ = {
			isa = XCConfigurationList;
			buildConfigurations = (
				35CA1B4826A79620001A17A4 /* Debug */,
				35CA1B4926A79620001A17A4 /* Release */,
			);
			defaultConfigurationIsVisible = 0;
			defaultConfigurationName = Release;
		};
		35CA1B4A26A79620001A17A4 /* Build configuration list for PBXNativeTarget "UISamples" */ = {
			isa = XCConfigurationList;
			buildConfigurations = (
				35CA1B4B26A79620001A17A4 /* Debug */,
				35CA1B4C26A79620001A17A4 /* Release */,
			);
			defaultConfigurationIsVisible = 0;
			defaultConfigurationName = Release;
		};
/* End XCConfigurationList section */
	};
	rootObject = 35CA1B3326A7961F001A17A4 /* Project object */;
}
